
Microsoft Visual Studio Solution File, Format Version 12.00
# Visual Studio Version 17
VisualStudioVersion = 17.5.002.0
MinimumVisualStudioVersion = 10.0.40219.1
Project("{9A19103F-16F7-4668-BE54-9A1E7A4F7556}") = "Booleanexercise", "Booleanexercise\Booleanexercise.csproj", "{4C4F772A-7B7A-4CA3-88F3-B06584149583}"
EndProject
Global
	GlobalSection(SolutionConfigurationPlatforms) = preSolution
		Debug|Any CPU = Debug|Any CPU
		Release|Any CPU = Release|Any CPU
	EndGlobalSection
	GlobalSection(ProjectConfigurationPlatforms) = postSolution
		{4C4F772A-7B7A-4CA3-88F3-B06584149583}.Debug|Any CPU.ActiveCfg = Debug|Any CPU
		{4C4F772A-7B7A-4CA3-88F3-B06584149583}.Debug|Any CPU.Build.0 = Debug|Any CPU
		{4C4F772A-7B7A-4CA3-88F3-B06584149583}.Release|Any CPU.ActiveCfg = Release|Any CPU
		{4C4F772A-7B7A-4CA3-88F3-B06584149583}.Release|Any CPU.Build.0 = Release|Any CPU
	EndGlobalSection
	GlobalSection(SolutionProperties) = preSolution
		HideSolutionNode = FALSE
	EndGlobalSection
	GlobalSection(ExtensibilityGlobals) = postSolution
		SolutionGuid = {58ACA379-3C49-4640-A195-2D232117B63A}
	EndGlobalSection
EndGlobal
