
Microsoft Visual Studio Solution File, Format Version 12.00
# Visual Studio Version 17
VisualStudioVersion = 17.5.002.0
MinimumVisualStudioVersion = 10.0.40219.1
Project("{9A19103F-16F7-4668-BE54-9A1E7A4F7556}") = "dowhilechallenge", "dowhilechallenge.csproj", "{5D737218-5EB0-4E60-9AE0-DDEFDDD3682C}"
EndProject
Global
	GlobalSection(SolutionConfigurationPlatforms) = preSolution
		Debug|Any CPU = Debug|Any CPU
		Release|Any CPU = Release|Any CPU
	EndGlobalSection
	GlobalSection(ProjectConfigurationPlatforms) = postSolution
		{5D737218-5EB0-4E60-9AE0-DDEFDDD3682C}.Debug|Any CPU.ActiveCfg = Debug|Any CPU
		{5D737218-5EB0-4E60-9AE0-DDEFDDD3682C}.Debug|Any CPU.Build.0 = Debug|Any CPU
		{5D737218-5EB0-4E60-9AE0-DDEFDDD3682C}.Release|Any CPU.ActiveCfg = Release|Any CPU
		{5D737218-5EB0-4E60-9AE0-DDEFDDD3682C}.Release|Any CPU.Build.0 = Release|Any CPU
	EndGlobalSection
	GlobalSection(SolutionProperties) = preSolution
		HideSolutionNode = FALSE
	EndGlobalSection
	GlobalSection(ExtensibilityGlobals) = postSolution
		SolutionGuid = {908F11DE-DFFB-4CAF-A127-9FE890AA076E}
	EndGlobalSection
EndGlobal
